
Microsoft Visual Studio Solution File, Format Version 12.00
# Visual Studio Version 17
VisualStudioVersion = 17.4.33213.308
MinimumVisualStudioVersion = 10.0.40219.1
Project("{FAE04EC0-301F-11D3-BF4B-00C04F79EFBC}") = "Condtionals", "Condtionals.csproj", "{C291C110-9113-4686-B240-71CADB61B2A9}"
EndProject
Global
	GlobalSection(SolutionConfigurationPlatforms) = preSolution
		Debug|Any CPU = Debug|Any CPU
		Release|Any CPU = Release|Any CPU
	EndGlobalSection
	GlobalSection(ProjectConfigurationPlatforms) = postSolution
		{C291C110-9113-4686-B240-71CADB61B2A9}.Debug|Any CPU.ActiveCfg = Debug|Any CPU
		{C291C110-9113-4686-B240-71CADB61B2A9}.Debug|Any CPU.Build.0 = Debug|Any CPU
		{C291C110-9113-4686-B240-71CADB61B2A9}.Release|Any CPU.ActiveCfg = Release|Any CPU
		{C291C110-9113-4686-B240-71CADB61B2A9}.Release|Any CPU.Build.0 = Release|Any CPU
	EndGlobalSection
	GlobalSection(SolutionProperties) = preSolution
		HideSolutionNode = FALSE
	EndGlobalSection
	GlobalSection(ExtensibilityGlobals) = postSolution
		SolutionGuid = {9B9B9EB9-D1C2-4104-BE14-F90C9D211C33}
	EndGlobalSection
EndGlobal
