
Microsoft Visual Studio Solution File, Format Version 12.00
# Visual Studio Version 17
VisualStudioVersion = 17.4.33213.308
MinimumVisualStudioVersion = 10.0.40219.1
Project("{FAE04EC0-301F-11D3-BF4B-00C04F79EFBC}") = "Operators", "Operators.csproj", "{B348028B-F88C-4668-B4BD-4F1CE45B552A}"
EndProject
Global
	GlobalSection(SolutionConfigurationPlatforms) = preSolution
		Debug|Any CPU = Debug|Any CPU
		Release|Any CPU = Release|Any CPU
	EndGlobalSection
	GlobalSection(ProjectConfigurationPlatforms) = postSolution
		{B348028B-F88C-4668-B4BD-4F1CE45B552A}.Debug|Any CPU.ActiveCfg = Debug|Any CPU
		{B348028B-F88C-4668-B4BD-4F1CE45B552A}.Debug|Any CPU.Build.0 = Debug|Any CPU
		{B348028B-F88C-4668-B4BD-4F1CE45B552A}.Release|Any CPU.ActiveCfg = Release|Any CPU
		{B348028B-F88C-4668-B4BD-4F1CE45B552A}.Release|Any CPU.Build.0 = Release|Any CPU
	EndGlobalSection
	GlobalSection(SolutionProperties) = preSolution
		HideSolutionNode = FALSE
	EndGlobalSection
	GlobalSection(ExtensibilityGlobals) = postSolution
		SolutionGuid = {33C67866-DE5A-4471-AB45-8AF67B5CBC8B}
	EndGlobalSection
EndGlobal
